// !$*UTF8*$!
{
	archiveVersion = 1;
	classes = {
	};
	objectVersion = 56;
	objects = {

/* Begin PBXBuildFile section */
		DA03BF082C6C5AA90046D659 /* HotProspectsApp.swift in Sources */ = {isa = PBXBuildFile; fileRef = DA03BF072C6C5AA90046D659 /* HotProspectsApp.swift */; };
		DA03BF0A2C6C5AA90046D659 /* ContentView.swift in Sources */ = {isa = PBXBuildFile; fileRef = DA03BF092C6C5AA90046D659 /* ContentView.swift */; };
		DA03BF0C2C6C5AAB0046D659 /* Assets.xcassets in Resources */ = {isa = PBXBuildFile; fileRef = DA03BF0B2C6C5AAB0046D659 /* Assets.xcassets */; };
		DA03BF0F2C6C5AAB0046D659 /* Preview Assets.xcassets in Resources */ = {isa = PBXBuildFile; fileRef = DA03BF0E2C6C5AAB0046D659 /* Preview Assets.xcassets */; };
		DA03BF172C6C5AC20046D659 /* ProspectModel.xcdatamodeld in Sources */ = {isa = PBXBuildFile; fileRef = DA03BF152C6C5AC20046D659 /* ProspectModel.xcdatamodeld */; };
		DA03BF192C6C5AFE0046D659 /* DataController.swift in Sources */ = {isa = PBXBuildFile; fileRef = DA03BF182C6C5AFE0046D659 /* DataController.swift */; };
		DA03BF1B2C6C5BD20046D659 /* ProspectView.swift in Sources */ = {isa = PBXBuildFile; fileRef = DA03BF1A2C6C5BD20046D659 /* ProspectView.swift */; };
		DA03BF1D2C6C5D8E0046D659 /* MeView.swift in Sources */ = {isa = PBXBuildFile; fileRef = DA03BF1C2C6C5D8E0046D659 /* MeView.swift */; };
		DA03BF202C6C7F400046D659 /* CodeScanner in Frameworks */ = {isa = PBXBuildFile; productRef = DA03BF1F2C6C7F400046D659 /* CodeScanner */; };
/* End PBXBuildFile section */

/* Begin PBXFileReference section */
		DA03BF042C6C5AA90046D659 /* HotProspects.app */ = {isa = PBXFileReference; explicitFileType = wrapper.application; includeInIndex = 0; path = HotProspects.app; sourceTree = BUILT_PRODUCTS_DIR; };
		DA03BF072C6C5AA90046D659 /* HotProspectsApp.swift */ = {isa = PBXFileReference; lastKnownFileType = sourcecode.swift; path = HotProspectsApp.swift; sourceTree = "<group>"; };
		DA03BF092C6C5AA90046D659 /* ContentView.swift */ = {isa = PBXFileReference; lastKnownFileType = sourcecode.swift; path = ContentView.swift; sourceTree = "<group>"; };
		DA03BF0B2C6C5AAB0046D659 /* Assets.xcassets */ = {isa = PBXFileReference; lastKnownFileType = folder.assetcatalog; path = Assets.xcassets; sourceTree = "<group>"; };
		DA03BF0E2C6C5AAB0046D659 /* Preview Assets.xcassets */ = {isa = PBXFileReference; lastKnownFileType = folder.assetcatalog; path = "Preview Assets.xcassets"; sourceTree = "<group>"; };
		DA03BF162C6C5AC20046D659 /* ProspectModel.xcdatamodel */ = {isa = PBXFileReference; lastKnownFileType = wrapper.xcdatamodel; path = ProspectModel.xcdatamodel; sourceTree = "<group>"; };
		DA03BF182C6C5AFE0046D659 /* DataController.swift */ = {isa = PBXFileReference; lastKnownFileType = sourcecode.swift; path = DataController.swift; sourceTree = "<group>"; };
		DA03BF1A2C6C5BD20046D659 /* ProspectView.swift */ = {isa = PBXFileReference; lastKnownFileType = sourcecode.swift; path = ProspectView.swift; sourceTree = "<group>"; };
		DA03BF1C2C6C5D8E0046D659 /* MeView.swift */ = {isa = PBXFileReference; lastKnownFileType = sourcecode.swift; path = MeView.swift; sourceTree = "<group>"; };
/* End PBXFileReference section */

/* Begin PBXFrameworksBuildPhase section */
		DA03BF012C6C5AA90046D659 /* Frameworks */ = {
			isa = PBXFrameworksBuildPhase;
			buildActionMask = 2147483647;
			files = (
				DA03BF202C6C7F400046D659 /* CodeScanner in Frameworks */,
			);
			runOnlyForDeploymentPostprocessing = 0;
		};
/* End PBXFrameworksBuildPhase section */

/* Begin PBXGroup section */
		DA03BEFB2C6C5AA80046D659 = {
			isa = PBXGroup;
			children = (
				DA03BF062C6C5AA90046D659 /* HotProspects */,
				DA03BF052C6C5AA90046D659 /* Products */,
			);
			sourceTree = "<group>";
		};
		DA03BF052C6C5AA90046D659 /* Products */ = {
			isa = PBXGroup;
			children = (
				DA03BF042C6C5AA90046D659 /* HotProspects.app */,
			);
			name = Products;
			sourceTree = "<group>";
		};
		DA03BF062C6C5AA90046D659 /* HotProspects */ = {
			isa = PBXGroup;
			children = (
				DA03BF072C6C5AA90046D659 /* HotProspectsApp.swift */,
				DA03BF092C6C5AA90046D659 /* ContentView.swift */,
				DA03BF1C2C6C5D8E0046D659 /* MeView.swift */,
				DA03BF1A2C6C5BD20046D659 /* ProspectView.swift */,
				DA03BF0B2C6C5AAB0046D659 /* Assets.xcassets */,
				DA03BF0D2C6C5AAB0046D659 /* Preview Content */,
				DA03BF152C6C5AC20046D659 /* ProspectModel.xcdatamodeld */,
				DA03BF182C6C5AFE0046D659 /* DataController.swift */,
			);
			path = HotProspects;
			sourceTree = "<group>";
		};
		DA03BF0D2C6C5AAB0046D659 /* Preview Content */ = {
			isa = PBXGroup;
			children = (
				DA03BF0E2C6C5AAB0046D659 /* Preview Assets.xcassets */,
			);
			path = "Preview Content";
			sourceTree = "<group>";
		};
/* End PBXGroup section */

/* Begin PBXNativeTarget section */
		DA03BF032C6C5AA90046D659 /* HotProspects */ = {
			isa = PBXNativeTarget;
			buildConfigurationList = DA03BF122C6C5AAB0046D659 /* Build configuration list for PBXNativeTarget "HotProspects" */;
			buildPhases = (
				DA03BF002C6C5AA90046D659 /* Sources */,
				DA03BF012C6C5AA90046D659 /* Frameworks */,
				DA03BF022C6C5AA90046D659 /* Resources */,
			);
			buildRules = (
			);
			dependencies = (
			);
			name = HotProspects;
			packageProductDependencies = (
				DA03BF1F2C6C7F400046D659 /* CodeScanner */,
			);
			productName = HotProspects;
			productReference = DA03BF042C6C5AA90046D659 /* HotProspects.app */;
			productType = "com.apple.product-type.application";
		};
/* End PBXNativeTarget section */

/* Begin PBXProject section */
		DA03BEFC2C6C5AA80046D659 /* Project object */ = {
			isa = PBXProject;
			attributes = {
				BuildIndependentTargetsInParallel = 1;
				LastSwiftUpdateCheck = 1500;
				LastUpgradeCheck = 1500;
				TargetAttributes = {
					DA03BF032C6C5AA90046D659 = {
						CreatedOnToolsVersion = 15.0.1;
					};
				};
			};
			buildConfigurationList = DA03BEFF2C6C5AA80046D659 /* Build configuration list for PBXProject "HotProspects" */;
			compatibilityVersion = "Xcode 14.0";
			developmentRegion = en;
			hasScannedForEncodings = 0;
			knownRegions = (
				en,
				Base,
			);
			mainGroup = DA03BEFB2C6C5AA80046D659;
			packageReferences = (
				DA03BF1E2C6C7F400046D659 /* XCRemoteSwiftPackageReference "CodeScanner" */,
			);
			productRefGroup = DA03BF052C6C5AA90046D659 /* Products */;
			projectDirPath = "";
			projectRoot = "";
			targets = (
				DA03BF032C6C5AA90046D659 /* HotProspects */,
			);
		};
/* End PBXProject section */

/* Begin PBXResourcesBuildPhase section */
		DA03BF022C6C5AA90046D659 /* Resources */ = {
			isa = PBXResourcesBuildPhase;
			buildActionMask = 2147483647;
			files = (
				DA03BF0F2C6C5AAB0046D659 /* Preview Assets.xcassets in Resources */,
				DA03BF0C2C6C5AAB0046D659 /* Assets.xcassets in Resources */,
			);
			runOnlyForDeploymentPostprocessing = 0;
		};
/* End PBXResourcesBuildPhase section */

/* Begin PBXSourcesBuildPhase section */
		DA03BF002C6C5AA90046D659 /* Sources */ = {
			isa = PBXSourcesBuildPhase;
			buildActionMask = 2147483647;
			files = (
				DA03BF1D2C6C5D8E0046D659 /* MeView.swift in Sources */,
				DA03BF0A2C6C5AA90046D659 /* ContentView.swift in Sources */,
				DA03BF192C6C5AFE0046D659 /* DataController.swift in Sources */,
				DA03BF082C6C5AA90046D659 /* HotProspectsApp.swift in Sources */,
				DA03BF172C6C5AC20046D659 /* ProspectModel.xcdatamodeld in Sources */,
				DA03BF1B2C6C5BD20046D659 /* ProspectView.swift in Sources */,
			);
			runOnlyForDeploymentPostprocessing = 0;
		};
/* End PBXSourcesBuildPhase section */

/* Begin XCBuildConfiguration section */
		DA03BF102C6C5AAB0046D659 /* Debug */ = {
			isa = XCBuildConfiguration;
			buildSettings = {
				ALWAYS_SEARCH_USER_PATHS = NO;
				ASSETCATALOG_COMPILER_GENERATE_SWIFT_ASSET_SYMBOL_EXTENSIONS = YES;
				CLANG_ANALYZER_NONNULL = YES;
				CLANG_ANALYZER_NUMBER_OBJECT_CONVERSION = YES_AGGRESSIVE;
				CLANG_CXX_LANGUAGE_STANDARD = "gnu++20";
				CLANG_ENABLE_MODULES = YES;
				CLANG_ENABLE_OBJC_ARC = YES;
				CLANG_ENABLE_OBJC_WEAK = YES;
				CLANG_WARN_BLOCK_CAPTURE_AUTORELEASING = YES;
				CLANG_WARN_BOOL_CONVERSION = YES;
				CLANG_WARN_COMMA = YES;
				CLANG_WARN_CONSTANT_CONVERSION = YES;
				CLANG_WARN_DEPRECATED_OBJC_IMPLEMENTATIONS = YES;
				CLANG_WARN_DIRECT_OBJC_ISA_USAGE = YES_ERROR;
				CLANG_WARN_DOCUMENTATION_COMMENTS = YES;
				CLANG_WARN_EMPTY_BODY = YES;
				CLANG_WARN_ENUM_CONVERSION = YES;
				CLANG_WARN_INFINITE_RECURSION = YES;
				CLANG_WARN_INT_CONVERSION = YES;
				CLANG_WARN_NON_LITERAL_NULL_CONVERSION = YES;
				CLANG_WARN_OBJC_IMPLICIT_RETAIN_SELF = YES;
				CLANG_WARN_OBJC_LITERAL_CONVERSION = YES;
				CLANG_WARN_OBJC_ROOT_CLASS = YES_ERROR;
				CLANG_WARN_QUOTED_INCLUDE_IN_FRAMEWORK_HEADER = YES;
				CLANG_WARN_RANGE_LOOP_ANALYSIS = YES;
				CLANG_WARN_STRICT_PROTOTYPES = YES;
				CLANG_WARN_SUSPICIOUS_MOVE = YES;
				CLANG_WARN_UNGUARDED_AVAILABILITY = YES_AGGRESSIVE;
				CLANG_WARN_UNREACHABLE_CODE = YES;
				CLANG_WARN__DUPLICATE_METHOD_MATCH = YES;
				COPY_PHASE_STRIP = NO;
				DEBUG_INFORMATION_FORMAT = dwarf;
				ENABLE_STRICT_OBJC_MSGSEND = YES;
				ENABLE_TESTABILITY = YES;
				ENABLE_USER_SCRIPT_SANDBOXING = YES;
				GCC_C_LANGUAGE_STANDARD = gnu17;
				GCC_DYNAMIC_NO_PIC = NO;
				GCC_NO_COMMON_BLOCKS = YES;
				GCC_OPTIMIZATION_LEVEL = 0;
				GCC_PREPROCESSOR_DEFINITIONS = (
					"DEBUG=1",
					"$(inherited)",
				);
				GCC_WARN_64_TO_32_BIT_CONVERSION = YES;
				GCC_WARN_ABOUT_RETURN_TYPE = YES_ERROR;
				GCC_WARN_UNDECLARED_SELECTOR = YES;
				GCC_WARN_UNINITIALIZED_AUTOS = YES_AGGRESSIVE;
				GCC_WARN_UNUSED_FUNCTION = YES;
				GCC_WARN_UNUSED_VARIABLE = YES;
				IPHONEOS_DEPLOYMENT_TARGET = 17.0;
				LOCALIZATION_PREFERS_STRING_CATALOGS = YES;
				MTL_ENABLE_DEBUG_INFO = INCLUDE_SOURCE;
				MTL_FAST_MATH = YES;
				ONLY_ACTIVE_ARCH = YES;
				SDKROOT = iphoneos;
				SWIFT_ACTIVE_COMPILATION_CONDITIONS = "DEBUG $(inherited)";
				SWIFT_OPTIMIZATION_LEVEL = "-Onone";
			};
			name = Debug;
		};
		DA03BF112C6C5AAB0046D659 /* Release */ = {
			isa = XCBuildConfiguration;
			buildSettings = {
				ALWAYS_SEARCH_USER_PATHS = NO;
				ASSETCATALOG_COMPILER_GENERATE_SWIFT_ASSET_SYMBOL_EXTENSIONS = YES;
				CLANG_ANALYZER_NONNULL = YES;
				CLANG_ANALYZER_NUMBER_OBJECT_CONVERSION = YES_AGGRESSIVE;
				CLANG_CXX_LANGUAGE_STANDARD = "gnu++20";
				CLANG_ENABLE_MODULES = YES;
				CLANG_ENABLE_OBJC_ARC = YES;
				CLANG_ENABLE_OBJC_WEAK = YES;
				CLANG_WARN_BLOCK_CAPTURE_AUTORELEASING = YES;
				CLANG_WARN_BOOL_CONVERSION = YES;
				CLANG_WARN_COMMA = YES;
				CLANG_WARN_CONSTANT_CONVERSION = YES;
				CLANG_WARN_DEPRECATED_OBJC_IMPLEMENTATIONS = YES;
				CLANG_WARN_DIRECT_OBJC_ISA_USAGE = YES_ERROR;
				CLANG_WARN_DOCUMENTATION_COMMENTS = YES;
				CLANG_WARN_EMPTY_BODY = YES;
				CLANG_WARN_ENUM_CONVERSION = YES;
				CLANG_WARN_INFINITE_RECURSION = YES;
				CLANG_WARN_INT_CONVERSION = YES;
				CLANG_WARN_NON_LITERAL_NULL_CONVERSION = YES;
				CLANG_WARN_OBJC_IMPLICIT_RETAIN_SELF = YES;
				CLANG_WARN_OBJC_LITERAL_CONVERSION = YES;
				CLANG_WARN_OBJC_ROOT_CLASS = YES_ERROR;
				CLANG_WARN_QUOTED_INCLUDE_IN_FRAMEWORK_HEADER = YES;
				CLANG_WARN_RANGE_LOOP_ANALYSIS = YES;
				CLANG_WARN_STRICT_PROTOTYPES = YES;
				CLANG_WARN_SUSPICIOUS_MOVE = YES;
				CLANG_WARN_UNGUARDED_AVAILABILITY = YES_AGGRESSIVE;
				CLANG_WARN_UNREACHABLE_CODE = YES;
				CLANG_WARN__DUPLICATE_METHOD_MATCH = YES;
				COPY_PHASE_STRIP = NO;
				DEBUG_INFORMATION_FORMAT = "dwarf-with-dsym";
				ENABLE_NS_ASSERTIONS = NO;
				ENABLE_STRICT_OBJC_MSGSEND = YES;
				ENABLE_USER_SCRIPT_SANDBOXING = YES;
				GCC_C_LANGUAGE_STANDARD = gnu17;
				GCC_NO_COMMON_BLOCKS = YES;
				GCC_WARN_64_TO_32_BIT_CONVERSION = YES;
				GCC_WARN_ABOUT_RETURN_TYPE = YES_ERROR;
				GCC_WARN_UNDECLARED_SELECTOR = YES;
				GCC_WARN_UNINITIALIZED_AUTOS = YES_AGGRESSIVE;
				GCC_WARN_UNUSED_FUNCTION = YES;
				GCC_WARN_UNUSED_VARIABLE = YES;
				IPHONEOS_DEPLOYMENT_TARGET = 17.0;
				LOCALIZATION_PREFERS_STRING_CATALOGS = YES;
				MTL_ENABLE_DEBUG_INFO = NO;
				MTL_FAST_MATH = YES;
				SDKROOT = iphoneos;
				SWIFT_COMPILATION_MODE = wholemodule;
				VALIDATE_PRODUCT = YES;
			};
			name = Release;
		};
		DA03BF132C6C5AAB0046D659 /* Debug */ = {
			isa = XCBuildConfiguration;
			buildSettings = {
				ASSETCATALOG_COMPILER_APPICON_NAME = AppIcon;
				ASSETCATALOG_COMPILER_GLOBAL_ACCENT_COLOR_NAME = AccentColor;
				CODE_SIGN_STYLE = Automatic;
				CURRENT_PROJECT_VERSION = 1;
				DEVELOPMENT_ASSET_PATHS = "\"HotProspects/Preview Content\"";
				DEVELOPMENT_TEAM = UJQW6TGS7Z;
				ENABLE_PREVIEWS = YES;
				GENERATE_INFOPLIST_FILE = YES;
				INFOPLIST_KEY_NSCameraUsageDescription = "Camera is used for scanning QR codes";
				INFOPLIST_KEY_NSPhotoLibraryUsageDescription = "To save the QR Code ";
				INFOPLIST_KEY_UIApplicationSceneManifest_Generation = YES;
				INFOPLIST_KEY_UIApplicationSupportsIndirectInputEvents = YES;
				INFOPLIST_KEY_UILaunchScreen_Generation = YES;
				INFOPLIST_KEY_UISupportedInterfaceOrientations_iPad = "UIInterfaceOrientationPortrait UIInterfaceOrientationPortraitUpsideDown UIInterfaceOrientationLandscapeLeft UIInterfaceOrientationLandscapeRight";
				INFOPLIST_KEY_UISupportedInterfaceOrientations_iPhone = "UIInterfaceOrientationPortrait UIInterfaceOrientationLandscapeLeft UIInterfaceOrientationLandscapeRight";
				LD_RUNPATH_SEARCH_PATHS = (
					"$(inherited)",
					"@executable_path/Frameworks",
				);
				MARKETING_VERSION = 1.0;
				PRODUCT_BUNDLE_IDENTIFIER = Dantes.HotProspects;
				PRODUCT_NAME = "$(TARGET_NAME)";
				SWIFT_EMIT_LOC_STRINGS = YES;
				SWIFT_VERSION = 5.0;
				TARGETED_DEVICE_FAMILY = "1,2";
			};
			name = Debug;
		};
		DA03BF142C6C5AAB0046D659 /* Release */ = {
			isa = XCBuildConfiguration;
			buildSettings = {
				ASSETCATALOG_COMPILER_APPICON_NAME = AppIcon;
				ASSETCATALOG_COMPILER_GLOBAL_ACCENT_COLOR_NAME = AccentColor;
				CODE_SIGN_STYLE = Automatic;
				CURRENT_PROJECT_VERSION = 1;
				DEVELOPMENT_ASSET_PATHS = "\"HotProspects/Preview Content\"";
				DEVELOPMENT_TEAM = UJQW6TGS7Z;
				ENABLE_PREVIEWS = YES;
				GENERATE_INFOPLIST_FILE = YES;
				INFOPLIST_KEY_NSCameraUsageDescription = "Camera is used for scanning QR codes";
				INFOPLIST_KEY_NSPhotoLibraryUsageDescription = "To save the QR Code ";
				INFOPLIST_KEY_UIApplicationSceneManifest_Generation = YES;
				INFOPLIST_KEY_UIApplicationSupportsIndirectInputEvents = YES;
				INFOPLIST_KEY_UILaunchScreen_Generation = YES;
				INFOPLIST_KEY_UISupportedInterfaceOrientations_iPad = "UIInterfaceOrientationPortrait UIInterfaceOrientationPortraitUpsideDown UIInterfaceOrientationLandscapeLeft UIInterfaceOrientationLandscapeRight";
				INFOPLIST_KEY_UISupportedInterfaceOrientations_iPhone = "UIInterfaceOrientationPortrait UIInterfaceOrientationLandscapeLeft UIInterfaceOrientationLandscapeRight";
				LD_RUNPATH_SEARCH_PATHS = (
					"$(inherited)",
					"@executable_path/Frameworks",
				);
				MARKETING_VERSION = 1.0;
				PRODUCT_BUNDLE_IDENTIFIER = Dantes.HotProspects;
				PRODUCT_NAME = "$(TARGET_NAME)";
				SWIFT_EMIT_LOC_STRINGS = YES;
				SWIFT_VERSION = 5.0;
				TARGETED_DEVICE_FAMILY = "1,2";
			};
			name = Release;
		};
/* End XCBuildConfiguration section */

/* Begin XCConfigurationList section */
		DA03BEFF2C6C5AA80046D659 /* Build configuration list for PBXProject "HotProspects" */ = {
			isa = XCConfigurationList;
			buildConfigurations = (
				DA03BF102C6C5AAB0046D659 /* Debug */,
				DA03BF112C6C5AAB0046D659 /* Release */,
			);
			defaultConfigurationIsVisible = 0;
			defaultConfigurationName = Release;
		};
		DA03BF122C6C5AAB0046D659 /* Build configuration list for PBXNativeTarget "HotProspects" */ = {
			isa = XCConfigurationList;
			buildConfigurations = (
				DA03BF132C6C5AAB0046D659 /* Debug */,
				DA03BF142C6C5AAB0046D659 /* Release */,
			);
			defaultConfigurationIsVisible = 0;
			defaultConfigurationName = Release;
		};
/* End XCConfigurationList section */

/* Begin XCRemoteSwiftPackageReference section */
		DA03BF1E2C6C7F400046D659 /* XCRemoteSwiftPackageReference "CodeScanner" */ = {
			isa = XCRemoteSwiftPackageReference;
			repositoryURL = "https://github.com/twostraws/CodeScanner";
			requirement = {
				kind = upToNextMajorVersion;
				minimumVersion = 2.5.0;
			};
		};
/* End XCRemoteSwiftPackageReference section */

/* Begin XCSwiftPackageProductDependency section */
		DA03BF1F2C6C7F400046D659 /* CodeScanner */ = {
			isa = XCSwiftPackageProductDependency;
			package = DA03BF1E2C6C7F400046D659 /* XCRemoteSwiftPackageReference "CodeScanner" */;
			productName = CodeScanner;
		};
/* End XCSwiftPackageProductDependency section */

/* Begin XCVersionGroup section */
		DA03BF152C6C5AC20046D659 /* ProspectModel.xcdatamodeld */ = {
			isa = XCVersionGroup;
			children = (
				DA03BF162C6C5AC20046D659 /* ProspectModel.xcdatamodel */,
			);
			currentVersion = DA03BF162C6C5AC20046D659 /* ProspectModel.xcdatamodel */;
			path = ProspectModel.xcdatamodeld;
			sourceTree = "<group>";
			versionGroupType = wrapper.xcdatamodel;
		};
/* End XCVersionGroup section */
	};
	rootObject = DA03BEFC2C6C5AA80046D659 /* Project object */;
}
